
Microsoft Visual Studio Solution File, Format Version 12.00
# Visual Studio Version 17
VisualStudioVersion = 17.7.34024.191
MinimumVisualStudioVersion = 10.0.40219.1
Project("{9A19103F-16F7-4668-BE54-9A1E7A4F7556}") = "4RI", "4RI\4RI.csproj", "{3119F7E4-F601-43EE-8604-9A4CFDDB533B}"
EndProject
Project("{FAE04EC0-301F-11D3-BF4B-00C04F79EFBC}") = "TestProject1", "TestProject1\TestProject1.csproj", "{A5C3B29A-FDEC-482B-84FA-4504123647EE}"
EndProject
Global
	GlobalSection(SolutionConfigurationPlatforms) = preSolution
		Debug|Any CPU = Debug|Any CPU
		Release|Any CPU = Release|Any CPU
	EndGlobalSection
	GlobalSection(ProjectConfigurationPlatforms) = postSolution
		{3119F7E4-F601-43EE-8604-9A4CFDDB533B}.Debug|Any CPU.ActiveCfg = Debug|Any CPU
		{3119F7E4-F601-43EE-8604-9A4CFDDB533B}.Debug|Any CPU.Build.0 = Debug|Any CPU
		{3119F7E4-F601-43EE-8604-9A4CFDDB533B}.Release|Any CPU.ActiveCfg = Release|Any CPU
		{3119F7E4-F601-43EE-8604-9A4CFDDB533B}.Release|Any CPU.Build.0 = Release|Any CPU
		{A5C3B29A-FDEC-482B-84FA-4504123647EE}.Debug|Any CPU.ActiveCfg = Debug|Any CPU
		{A5C3B29A-FDEC-482B-84FA-4504123647EE}.Debug|Any CPU.Build.0 = Debug|Any CPU
		{A5C3B29A-FDEC-482B-84FA-4504123647EE}.Release|Any CPU.ActiveCfg = Release|Any CPU
		{A5C3B29A-FDEC-482B-84FA-4504123647EE}.Release|Any CPU.Build.0 = Release|Any CPU
	EndGlobalSection
	GlobalSection(SolutionProperties) = preSolution
		HideSolutionNode = FALSE
	EndGlobalSection
	GlobalSection(ExtensibilityGlobals) = postSolution
		SolutionGuid = {1C00B144-3259-40E0-969C-2A74AF53A078}
	EndGlobalSection
EndGlobal
